// !$*UTF8*$!
{
	archiveVersion = 1;
	classes = {
	};
	objectVersion = 46;
	objects = {

/* Begin PBXBuildFile section */
		5B0644F51EE81D7800453065 /* AppDelegate.swift in Sources */ = {isa = PBXBuildFile; fileRef = 5B0644F41EE81D7800453065 /* AppDelegate.swift */; };
		5B0644F71EE81D7800453065 /* GameViewController.swift in Sources */ = {isa = PBXBuildFile; fileRef = 5B0644F61EE81D7800453065 /* GameViewController.swift */; };
		5B0644FA1EE81D7800453065 /* Main.storyboard in Resources */ = {isa = PBXBuildFile; fileRef = 5B0644F81EE81D7800453065 /* Main.storyboard */; };
		5B0644FD1EE81D7800453065 /* LaunchScreen.storyboard in Resources */ = {isa = PBXBuildFile; fileRef = 5B0644FB1EE81D7800453065 /* LaunchScreen.storyboard */; };
		5B0645061EE81D7800453065 /* AppDelegate.swift in Sources */ = {isa = PBXBuildFile; fileRef = 5B0645051EE81D7800453065 /* AppDelegate.swift */; };
		5B0645081EE81D7800453065 /* GameViewController.swift in Sources */ = {isa = PBXBuildFile; fileRef = 5B0645071EE81D7800453065 /* GameViewController.swift */; };
		5B06450B1EE81D7800453065 /* Main.storyboard in Resources */ = {isa = PBXBuildFile; fileRef = 5B0645091EE81D7800453065 /* Main.storyboard */; };
		5B0645131EE81D7800453065 /* Assets.xcassets in Resources */ = {isa = PBXBuildFile; fileRef = 5B0644EC1EE81D7800453065 /* Assets.xcassets */; };
		5B06451E1EE81DA300453065 /* VectorUtils.swift in Sources */ = {isa = PBXBuildFile; fileRef = 5B06451D1EE81DA300453065 /* VectorUtils.swift */; };
		5B0645201EE81DB800453065 /* Sprocket.swift in Sources */ = {isa = PBXBuildFile; fileRef = 5B06451F1EE81DB800453065 /* Sprocket.swift */; };
		5B0645221EE81DD000453065 /* ChainDrive.swift in Sources */ = {isa = PBXBuildFile; fileRef = 5B0645211EE81DD000453065 /* ChainDrive.swift */; };
		5B0645241EE81DE400453065 /* SprocketNode.swift in Sources */ = {isa = PBXBuildFile; fileRef = 5B0645231EE81DE400453065 /* SprocketNode.swift */; };
		5B0645261EE81DFB00453065 /* LinkNode.swift in Sources */ = {isa = PBXBuildFile; fileRef = 5B0645251EE81DFB00453065 /* LinkNode.swift */; };
		5B0645281EE81E1D00453065 /* ChainDriveScene.swift in Sources */ = {isa = PBXBuildFile; fileRef = 5B0645271EE81E1D00453065 /* ChainDriveScene.swift */; };
		5B0645291EE81F0700453065 /* VectorUtils.swift in Sources */ = {isa = PBXBuildFile; fileRef = 5B06451D1EE81DA300453065 /* VectorUtils.swift */; };
		5B06452A1EE81F0F00453065 /* Sprocket.swift in Sources */ = {isa = PBXBuildFile; fileRef = 5B06451F1EE81DB800453065 /* Sprocket.swift */; };
		5B06452B1EE81F0F00453065 /* ChainDrive.swift in Sources */ = {isa = PBXBuildFile; fileRef = 5B0645211EE81DD000453065 /* ChainDrive.swift */; };
		5B06452C1EE81F0F00453065 /* SprocketNode.swift in Sources */ = {isa = PBXBuildFile; fileRef = 5B0645231EE81DE400453065 /* SprocketNode.swift */; };
		5B06452D1EE81F0F00453065 /* LinkNode.swift in Sources */ = {isa = PBXBuildFile; fileRef = 5B0645251EE81DFB00453065 /* LinkNode.swift */; };
		5B06452E1EE81F0F00453065 /* ChainDriveScene.swift in Sources */ = {isa = PBXBuildFile; fileRef = 5B0645271EE81E1D00453065 /* ChainDriveScene.swift */; };
		5BD703631EEB4E5F00382AB9 /* README.md in Sources */ = {isa = PBXBuildFile; fileRef = 5BD703621EEB4E5F00382AB9 /* README.md */; };
/* End PBXBuildFile section */

/* Begin PBXFileReference section */
		5B0644EC1EE81D7800453065 /* Assets.xcassets */ = {isa = PBXFileReference; lastKnownFileType = folder.assetcatalog; path = Assets.xcassets; sourceTree = "<group>"; };
		5B0644F11EE81D7800453065 /* ChainDriveSystem.app */ = {isa = PBXFileReference; explicitFileType = wrapper.application; includeInIndex = 0; path = ChainDriveSystem.app; sourceTree = BUILT_PRODUCTS_DIR; };
		5B0644F41EE81D7800453065 /* AppDelegate.swift */ = {isa = PBXFileReference; lastKnownFileType = sourcecode.swift; path = AppDelegate.swift; sourceTree = "<group>"; };
		5B0644F61EE81D7800453065 /* GameViewController.swift */ = {isa = PBXFileReference; lastKnownFileType = sourcecode.swift; path = GameViewController.swift; sourceTree = "<group>"; };
		5B0644F91EE81D7800453065 /* Base */ = {isa = PBXFileReference; lastKnownFileType = file.storyboard; name = Base; path = Base.lproj/Main.storyboard; sourceTree = "<group>"; };
		5B0644FC1EE81D7800453065 /* Base */ = {isa = PBXFileReference; lastKnownFileType = file.storyboard; name = Base; path = Base.lproj/LaunchScreen.storyboard; sourceTree = "<group>"; };
		5B0644FE1EE81D7800453065 /* Info.plist */ = {isa = PBXFileReference; lastKnownFileType = text.plist.xml; path = Info.plist; sourceTree = "<group>"; };
		5B0645031EE81D7800453065 /* ChainDriveSystem.app */ = {isa = PBXFileReference; explicitFileType = wrapper.application; includeInIndex = 0; path = ChainDriveSystem.app; sourceTree = BUILT_PRODUCTS_DIR; };
		5B0645051EE81D7800453065 /* AppDelegate.swift */ = {isa = PBXFileReference; lastKnownFileType = sourcecode.swift; path = AppDelegate.swift; sourceTree = "<group>"; };
		5B0645071EE81D7800453065 /* GameViewController.swift */ = {isa = PBXFileReference; lastKnownFileType = sourcecode.swift; path = GameViewController.swift; sourceTree = "<group>"; };
		5B06450A1EE81D7800453065 /* Base */ = {isa = PBXFileReference; lastKnownFileType = file.storyboard; name = Base; path = Base.lproj/Main.storyboard; sourceTree = "<group>"; };
		5B06450C1EE81D7800453065 /* Info.plist */ = {isa = PBXFileReference; lastKnownFileType = text.plist.xml; path = Info.plist; sourceTree = "<group>"; };
		5B06451D1EE81DA300453065 /* VectorUtils.swift */ = {isa = PBXFileReference; fileEncoding = 4; lastKnownFileType = sourcecode.swift; path = VectorUtils.swift; sourceTree = "<group>"; };
		5B06451F1EE81DB800453065 /* Sprocket.swift */ = {isa = PBXFileReference; fileEncoding = 4; lastKnownFileType = sourcecode.swift; path = Sprocket.swift; sourceTree = "<group>"; };
		5B0645211EE81DD000453065 /* ChainDrive.swift */ = {isa = PBXFileReference; fileEncoding = 4; lastKnownFileType = sourcecode.swift; path = ChainDrive.swift; sourceTree = "<group>"; };
		5B0645231EE81DE400453065 /* SprocketNode.swift */ = {isa = PBXFileReference; fileEncoding = 4; lastKnownFileType = sourcecode.swift; path = SprocketNode.swift; sourceTree = "<group>"; };
		5B0645251EE81DFB00453065 /* LinkNode.swift */ = {isa = PBXFileReference; fileEncoding = 4; lastKnownFileType = sourcecode.swift; path = LinkNode.swift; sourceTree = "<group>"; };
		5B0645271EE81E1D00453065 /* ChainDriveScene.swift */ = {isa = PBXFileReference; fileEncoding = 4; lastKnownFileType = sourcecode.swift; path = ChainDriveScene.swift; sourceTree = "<group>"; };
		5BD703621EEB4E5F00382AB9 /* README.md */ = {isa = PBXFileReference; fileEncoding = 4; lastKnownFileType = net.daringfireball.markdown; path = README.md; sourceTree = "<group>"; };
/* End PBXFileReference section */

/* Begin PBXFrameworksBuildPhase section */
		5B0644EE1EE81D7800453065 /* Frameworks */ = {
			isa = PBXFrameworksBuildPhase;
			buildActionMask = 2147483647;
			files = (
			);
			runOnlyForDeploymentPostprocessing = 0;
		};
		5B0645001EE81D7800453065 /* Frameworks */ = {
			isa = PBXFrameworksBuildPhase;
			buildActionMask = 2147483647;
			files = (
			);
			runOnlyForDeploymentPostprocessing = 0;
		};
/* End PBXFrameworksBuildPhase section */

/* Begin PBXGroup section */
		5B0644E31EE81D7600453065 = {
			isa = PBXGroup;
			children = (
				5BD703621EEB4E5F00382AB9 /* README.md */,
				5B0644E81EE81D7700453065 /* Shared */,
				5B0644F31EE81D7800453065 /* iOS */,
				5B0645041EE81D7800453065 /* macOS */,
				5B0644F21EE81D7800453065 /* Products */,
			);
			sourceTree = "<group>";
		};
		5B0644E81EE81D7700453065 /* Shared */ = {
			isa = PBXGroup;
			children = (
				5B0644EC1EE81D7800453065 /* Assets.xcassets */,
				5B06451D1EE81DA300453065 /* VectorUtils.swift */,
				5B06451F1EE81DB800453065 /* Sprocket.swift */,
				5B0645211EE81DD000453065 /* ChainDrive.swift */,
				5B0645231EE81DE400453065 /* SprocketNode.swift */,
				5B0645251EE81DFB00453065 /* LinkNode.swift */,
				5B0645271EE81E1D00453065 /* ChainDriveScene.swift */,
			);
			path = Shared;
			sourceTree = "<group>";
		};
		5B0644F21EE81D7800453065 /* Products */ = {
			isa = PBXGroup;
			children = (
				5B0644F11EE81D7800453065 /* ChainDriveSystem.app */,
				5B0645031EE81D7800453065 /* ChainDriveSystem.app */,
			);
			name = Products;
			sourceTree = "<group>";
		};
		5B0644F31EE81D7800453065 /* iOS */ = {
			isa = PBXGroup;
			children = (
				5B0644F41EE81D7800453065 /* AppDelegate.swift */,
				5B0644F61EE81D7800453065 /* GameViewController.swift */,
				5B0644F81EE81D7800453065 /* Main.storyboard */,
				5B0644FB1EE81D7800453065 /* LaunchScreen.storyboard */,
				5B0644FE1EE81D7800453065 /* Info.plist */,
			);
			path = iOS;
			sourceTree = "<group>";
		};
		5B0645041EE81D7800453065 /* macOS */ = {
			isa = PBXGroup;
			children = (
				5B0645051EE81D7800453065 /* AppDelegate.swift */,
				5B0645071EE81D7800453065 /* GameViewController.swift */,
				5B0645091EE81D7800453065 /* Main.storyboard */,
				5B06450C1EE81D7800453065 /* Info.plist */,
			);
			path = macOS;
			sourceTree = "<group>";
		};
/* End PBXGroup section */

/* Begin PBXNativeTarget section */
		5B0644F01EE81D7800453065 /* iOS */ = {
			isa = PBXNativeTarget;
			buildConfigurationList = 5B0645171EE81D7800453065 /* Build configuration list for PBXNativeTarget "iOS" */;
			buildPhases = (
				5B0644ED1EE81D7800453065 /* Sources */,
				5B0644EE1EE81D7800453065 /* Frameworks */,
				5B0644EF1EE81D7800453065 /* Resources */,
			);
			buildRules = (
			);
			dependencies = (
			);
			name = iOS;
			productName = iOS;
			productReference = 5B0644F11EE81D7800453065 /* ChainDriveSystem.app */;
			productType = "com.apple.product-type.application";
		};
		5B0645021EE81D7800453065 /* macOS */ = {
			isa = PBXNativeTarget;
			buildConfigurationList = 5B06451A1EE81D7800453065 /* Build configuration list for PBXNativeTarget "macOS" */;
			buildPhases = (
				5B0644FF1EE81D7800453065 /* Sources */,
				5B0645001EE81D7800453065 /* Frameworks */,
				5B0645011EE81D7800453065 /* Resources */,
			);
			buildRules = (
			);
			dependencies = (
			);
			name = macOS;
			productName = macOS;
			productReference = 5B0645031EE81D7800453065 /* ChainDriveSystem.app */;
			productType = "com.apple.product-type.application";
		};
/* End PBXNativeTarget section */

/* Begin PBXProject section */
		5B0644E41EE81D7600453065 /* Project object */ = {
			isa = PBXProject;
			attributes = {
				LastSwiftUpdateCheck = 0830;
				LastUpgradeCheck = 0830;
				ORGANIZATIONNAME = x;
				TargetAttributes = {
					5B0644F01EE81D7800453065 = {
						CreatedOnToolsVersion = 8.3.3;
						ProvisioningStyle = Automatic;
					};
					5B0645021EE81D7800453065 = {
						CreatedOnToolsVersion = 8.3.3;
						ProvisioningStyle = Automatic;
					};
				};
			};
			buildConfigurationList = 5B0644E71EE81D7600453065 /* Build configuration list for PBXProject "ChainDriveSystem" */;
			compatibilityVersion = "Xcode 3.2";
			developmentRegion = English;
			hasScannedForEncodings = 0;
			knownRegions = (
				en,
				Base,
			);
			mainGroup = 5B0644E31EE81D7600453065;
			productRefGroup = 5B0644F21EE81D7800453065 /* Products */;
			projectDirPath = "";
			projectRoot = "";
			targets = (
				5B0644F01EE81D7800453065 /* iOS */,
				5B0645021EE81D7800453065 /* macOS */,
			);
		};
/* End PBXProject section */

/* Begin PBXResourcesBuildPhase section */
		5B0644EF1EE81D7800453065 /* Resources */ = {
			isa = PBXResourcesBuildPhase;
			buildActionMask = 2147483647;
			files = (
				5B0644FA1EE81D7800453065 /* Main.storyboard in Resources */,
				5B0644FD1EE81D7800453065 /* LaunchScreen.storyboard in Resources */,
				5B0645131EE81D7800453065 /* Assets.xcassets in Resources */,
			);
			runOnlyForDeploymentPostprocessing = 0;
		};
		5B0645011EE81D7800453065 /* Resources */ = {
			isa = PBXResourcesBuildPhase;
			buildActionMask = 2147483647;
			files = (
				5B06450B1EE81D7800453065 /* Main.storyboard in Resources */,
			);
			runOnlyForDeploymentPostprocessing = 0;
		};
/* End PBXResourcesBuildPhase section */

/* Begin PBXSourcesBuildPhase section */
		5B0644ED1EE81D7800453065 /* Sources */ = {
			isa = PBXSourcesBuildPhase;
			buildActionMask = 2147483647;
			files = (
				5B06451E1EE81DA300453065 /* VectorUtils.swift in Sources */,
				5B0645241EE81DE400453065 /* SprocketNode.swift in Sources */,
				5B0645261EE81DFB00453065 /* LinkNode.swift in Sources */,
				5B0644F71EE81D7800453065 /* GameViewController.swift in Sources */,
				5B0645201EE81DB800453065 /* Sprocket.swift in Sources */,
				5B0645221EE81DD000453065 /* ChainDrive.swift in Sources */,
				5BD703631EEB4E5F00382AB9 /* README.md in Sources */,
				5B0644F51EE81D7800453065 /* AppDelegate.swift in Sources */,
				5B0645281EE81E1D00453065 /* ChainDriveScene.swift in Sources */,
			);
			runOnlyForDeploymentPostprocessing = 0;
		};
		5B0644FF1EE81D7800453065 /* Sources */ = {
			isa = PBXSourcesBuildPhase;
			buildActionMask = 2147483647;
			files = (
				5B06452C1EE81F0F00453065 /* SprocketNode.swift in Sources */,
				5B06452A1EE81F0F00453065 /* Sprocket.swift in Sources */,
				5B06452D1EE81F0F00453065 /* LinkNode.swift in Sources */,
				5B06452E1EE81F0F00453065 /* ChainDriveScene.swift in Sources */,
				5B0645081EE81D7800453065 /* GameViewController.swift in Sources */,
				5B0645291EE81F0700453065 /* VectorUtils.swift in Sources */,
				5B06452B1EE81F0F00453065 /* ChainDrive.swift in Sources */,
				5B0645061EE81D7800453065 /* AppDelegate.swift in Sources */,
			);
			runOnlyForDeploymentPostprocessing = 0;
		};
/* End PBXSourcesBuildPhase section */

/* Begin PBXVariantGroup section */
		5B0644F81EE81D7800453065 /* Main.storyboard */ = {
			isa = PBXVariantGroup;
			children = (
				5B0644F91EE81D7800453065 /* Base */,
			);
			name = Main.storyboard;
			sourceTree = "<group>";
		};
		5B0644FB1EE81D7800453065 /* LaunchScreen.storyboard */ = {
			isa = PBXVariantGroup;
			children = (
				5B0644FC1EE81D7800453065 /* Base */,
			);
			name = LaunchScreen.storyboard;
			sourceTree = "<group>";
		};
		5B0645091EE81D7800453065 /* Main.storyboard */ = {
			isa = PBXVariantGroup;
			children = (
				5B06450A1EE81D7800453065 /* Base */,
			);
			name = Main.storyboard;
			sourceTree = "<group>";
		};
/* End PBXVariantGroup section */

/* Begin XCBuildConfiguration section */
		5B0645151EE81D7800453065 /* Debug */ = {
			isa = XCBuildConfiguration;
			buildSettings = {
				ALWAYS_SEARCH_USER_PATHS = NO;
				CLANG_ANALYZER_NONNULL = YES;
				CLANG_ANALYZER_NUMBER_OBJECT_CONVERSION = YES_AGGRESSIVE;
				CLANG_CXX_LANGUAGE_STANDARD = "gnu++0x";
				CLANG_CXX_LIBRARY = "libc++";
				CLANG_ENABLE_MODULES = YES;
				CLANG_ENABLE_OBJC_ARC = YES;
				CLANG_WARN_BOOL_CONVERSION = YES;
				CLANG_WARN_CONSTANT_CONVERSION = YES;
				CLANG_WARN_DIRECT_OBJC_ISA_USAGE = YES_ERROR;
				CLANG_WARN_DOCUMENTATION_COMMENTS = YES;
				CLANG_WARN_EMPTY_BODY = YES;
				CLANG_WARN_ENUM_CONVERSION = YES;
				CLANG_WARN_INFINITE_RECURSION = YES;
				CLANG_WARN_INT_CONVERSION = YES;
				CLANG_WARN_OBJC_ROOT_CLASS = YES_ERROR;
				CLANG_WARN_SUSPICIOUS_MOVE = YES;
				CLANG_WARN_UNREACHABLE_CODE = YES;
				CLANG_WARN__DUPLICATE_METHOD_MATCH = YES;
				COPY_PHASE_STRIP = NO;
				DEBUG_INFORMATION_FORMAT = dwarf;
				ENABLE_STRICT_OBJC_MSGSEND = YES;
				ENABLE_TESTABILITY = YES;
				GCC_C_LANGUAGE_STANDARD = gnu99;
				GCC_DYNAMIC_NO_PIC = NO;
				GCC_NO_COMMON_BLOCKS = YES;
				GCC_OPTIMIZATION_LEVEL = 0;
				GCC_PREPROCESSOR_DEFINITIONS = (
					"DEBUG=1",
					"$(inherited)",
				);
				GCC_WARN_64_TO_32_BIT_CONVERSION = YES;
				GCC_WARN_ABOUT_RETURN_TYPE = YES_ERROR;
				GCC_WARN_UNDECLARED_SELECTOR = YES;
				GCC_WARN_UNINITIALIZED_AUTOS = YES_AGGRESSIVE;
				GCC_WARN_UNUSED_FUNCTION = YES;
				GCC_WARN_UNUSED_VARIABLE = YES;
				MTL_ENABLE_DEBUG_INFO = YES;
				ONLY_ACTIVE_ARCH = YES;
				SWIFT_ACTIVE_COMPILATION_CONDITIONS = DEBUG;
				SWIFT_OPTIMIZATION_LEVEL = "-Onone";
			};
			name = Debug;
		};
		5B0645161EE81D7800453065 /* Release */ = {
			isa = XCBuildConfiguration;
			buildSettings = {
				ALWAYS_SEARCH_USER_PATHS = NO;
				CLANG_ANALYZER_NONNULL = YES;
				CLANG_ANALYZER_NUMBER_OBJECT_CONVERSION = YES_AGGRESSIVE;
				CLANG_CXX_LANGUAGE_STANDARD = "gnu++0x";
				CLANG_CXX_LIBRARY = "libc++";
				CLANG_ENABLE_MODULES = YES;
				CLANG_ENABLE_OBJC_ARC = YES;
				CLANG_WARN_BOOL_CONVERSION = YES;
				CLANG_WARN_CONSTANT_CONVERSION = YES;
				CLANG_WARN_DIRECT_OBJC_ISA_USAGE = YES_ERROR;
				CLANG_WARN_DOCUMENTATION_COMMENTS = YES;
				CLANG_WARN_EMPTY_BODY = YES;
				CLANG_WARN_ENUM_CONVERSION = YES;
				CLANG_WARN_INFINITE_RECURSION = YES;
				CLANG_WARN_INT_CONVERSION = YES;
				CLANG_WARN_OBJC_ROOT_CLASS = YES_ERROR;
				CLANG_WARN_SUSPICIOUS_MOVE = YES;
				CLANG_WARN_UNREACHABLE_CODE = YES;
				CLANG_WARN__DUPLICATE_METHOD_MATCH = YES;
				COPY_PHASE_STRIP = NO;
				DEBUG_INFORMATION_FORMAT = "dwarf-with-dsym";
				ENABLE_NS_ASSERTIONS = NO;
				ENABLE_STRICT_OBJC_MSGSEND = YES;
				GCC_C_LANGUAGE_STANDARD = gnu99;
				GCC_NO_COMMON_BLOCKS = YES;
				GCC_WARN_64_TO_32_BIT_CONVERSION = YES;
				GCC_WARN_ABOUT_RETURN_TYPE = YES_ERROR;
				GCC_WARN_UNDECLARED_SELECTOR = YES;
				GCC_WARN_UNINITIALIZED_AUTOS = YES_AGGRESSIVE;
				GCC_WARN_UNUSED_FUNCTION = YES;
				GCC_WARN_UNUSED_VARIABLE = YES;
				MTL_ENABLE_DEBUG_INFO = NO;
				SWIFT_OPTIMIZATION_LEVEL = "-Owholemodule";
			};
			name = Release;
		};
		5B0645181EE81D7800453065 /* Debug */ = {
			isa = XCBuildConfiguration;
			buildSettings = {
				ASSETCATALOG_COMPILER_APPICON_NAME = AppIcon;
				"CODE_SIGN_IDENTITY[sdk=iphoneos*]" = "iPhone Developer";
				INFOPLIST_FILE = iOS/Info.plist;
				IPHONEOS_DEPLOYMENT_TARGET = 10.3;
				LD_RUNPATH_SEARCH_PATHS = "$(inherited) @executable_path/Frameworks";
				PRODUCT_BUNDLE_IDENTIFIER = x.ChainDriveSystem;
				PRODUCT_NAME = ChainDriveSystem;
				SDKROOT = iphoneos;
				SWIFT_VERSION = 3.0;
				TARGETED_DEVICE_FAMILY = "1,2";
			};
			name = Debug;
		};
		5B0645191EE81D7800453065 /* Release */ = {
			isa = XCBuildConfiguration;
			buildSettings = {
				ASSETCATALOG_COMPILER_APPICON_NAME = AppIcon;
				"CODE_SIGN_IDENTITY[sdk=iphoneos*]" = "iPhone Developer";
				INFOPLIST_FILE = iOS/Info.plist;
				IPHONEOS_DEPLOYMENT_TARGET = 10.3;
				LD_RUNPATH_SEARCH_PATHS = "$(inherited) @executable_path/Frameworks";
				PRODUCT_BUNDLE_IDENTIFIER = x.ChainDriveSystem;
				PRODUCT_NAME = ChainDriveSystem;
				SDKROOT = iphoneos;
				SWIFT_VERSION = 3.0;
				TARGETED_DEVICE_FAMILY = "1,2";
				VALIDATE_PRODUCT = YES;
			};
			name = Release;
		};
		5B06451B1EE81D7800453065 /* Debug */ = {
			isa = XCBuildConfiguration;
			buildSettings = {
				ASSETCATALOG_COMPILER_APPICON_NAME = AppIcon;
				CODE_SIGN_IDENTITY = "-";
				COMBINE_HIDPI_IMAGES = YES;
				INFOPLIST_FILE = macOS/Info.plist;
				LD_RUNPATH_SEARCH_PATHS = "$(inherited) @executable_path/../Frameworks";
				MACOSX_DEPLOYMENT_TARGET = 10.12;
				PRODUCT_BUNDLE_IDENTIFIER = x.ChainDriveSystem;
				PRODUCT_NAME = ChainDriveSystem;
				SDKROOT = macosx;
				SWIFT_VERSION = 3.0;
			};
			name = Debug;
		};
		5B06451C1EE81D7800453065 /* Release */ = {
			isa = XCBuildConfiguration;
			buildSettings = {
				ASSETCATALOG_COMPILER_APPICON_NAME = AppIcon;
				CODE_SIGN_IDENTITY = "-";
				COMBINE_HIDPI_IMAGES = YES;
				INFOPLIST_FILE = macOS/Info.plist;
				LD_RUNPATH_SEARCH_PATHS = "$(inherited) @executable_path/../Frameworks";
				MACOSX_DEPLOYMENT_TARGET = 10.12;
				PRODUCT_BUNDLE_IDENTIFIER = x.ChainDriveSystem;
				PRODUCT_NAME = ChainDriveSystem;
				SDKROOT = macosx;
				SWIFT_VERSION = 3.0;
			};
			name = Release;
		};
/* End XCBuildConfiguration section */

/* Begin XCConfigurationList section */
		5B0644E71EE81D7600453065 /* Build configuration list for PBXProject "ChainDriveSystem" */ = {
			isa = XCConfigurationList;
			buildConfigurations = (
				5B0645151EE81D7800453065 /* Debug */,
				5B0645161EE81D7800453065 /* Release */,
			);
			defaultConfigurationIsVisible = 0;
			defaultConfigurationName = Release;
		};
		5B0645171EE81D7800453065 /* Build configuration list for PBXNativeTarget "iOS" */ = {
			isa = XCConfigurationList;
			buildConfigurations = (
				5B0645181EE81D7800453065 /* Debug */,
				5B0645191EE81D7800453065 /* Release */,
			);
			defaultConfigurationIsVisible = 0;
			defaultConfigurationName = Release;
		};
		5B06451A1EE81D7800453065 /* Build configuration list for PBXNativeTarget "macOS" */ = {
			isa = XCConfigurationList;
			buildConfigurations = (
				5B06451B1EE81D7800453065 /* Debug */,
				5B06451C1EE81D7800453065 /* Release */,
			);
			defaultConfigurationIsVisible = 0;
			defaultConfigurationName = Release;
		};
/* End XCConfigurationList section */
	};
	rootObject = 5B0644E41EE81D7600453065 /* Project object */;
}
